
Microsoft Visual Studio Solution File, Format Version 12.00
# Visual Studio 15
Project("{FAE04EC0-301F-11D3-BF4B-00C04F79EFBC}") = "CoffeeQuest", "Assembly-CSharp.csproj", "{E20DFFB7-13D8-19C1-DF06-BD71610D0A90}"
EndProject
Global
	GlobalSection(SolutionConfigurationPlatforms) = preSolution
		Debug|Any CPU = Debug|Any CPU
		Release|Any CPU = Release|Any CPU
	EndGlobalSection
	GlobalSection(ProjectConfigurationPlatforms) = postSolution
		{E20DFFB7-13D8-19C1-DF06-BD71610D0A90}.Debug|Any CPU.ActiveCfg = Debug|Any CPU
		{E20DFFB7-13D8-19C1-DF06-BD71610D0A90}.Debug|Any CPU.Build.0 = Debug|Any CPU
		{E20DFFB7-13D8-19C1-DF06-BD71610D0A90}.Release|Any CPU.ActiveCfg = Release|Any CPU
		{E20DFFB7-13D8-19C1-DF06-BD71610D0A90}.Release|Any CPU.Build.0 = Release|Any CPU
	EndGlobalSection
	GlobalSection(SolutionProperties) = preSolution
		HideSolutionNode = FALSE
	EndGlobalSection
EndGlobal
